
Microsoft Visual Studio Solution File, Format Version 12.00
# Visual Studio Version 16
VisualStudioVersion = 16.0.31424.327
MinimumVisualStudioVersion = 10.0.40219.1
Project("{2150E333-8FDC-42A3-9474-1A3956D46DE8}") = "Services", "Services", "{7D4E74E8-54BE-4A8F-AA38-A5F57D0B1700}"
EndProject
Project("{2150E333-8FDC-42A3-9474-1A3956D46DE8}") = "WebApps", "WebApps", "{7664E1D2-638A-4FC6-902E-E49DA24F45DC}"
EndProject
Project("{2150E333-8FDC-42A3-9474-1A3956D46DE8}") = "Core", "Core", "{21E18924-0BD2-497D-A2EA-A5E2F35DC23D}"
EndProject
Project("{2150E333-8FDC-42A3-9474-1A3956D46DE8}") = "Register", "Register", "{423BE95E-4EBE-4ECA-BFA5-DED98BC3AE8C}"
EndProject
Project("{2150E333-8FDC-42A3-9474-1A3956D46DE8}") = "Restaurant", "Restaurant", "{5CD011EB-7AE0-4865-A104-09D8A5868701}"
EndProject
Project("{2150E333-8FDC-42A3-9474-1A3956D46DE8}") = "Delivery", "Delivery", "{85699EB3-56C2-4597-90F7-6C4B2874BC9D}"
EndProject
Project("{2150E333-8FDC-42A3-9474-1A3956D46DE8}") = "Order", "Order", "{A5086A8F-1A6B-4042-BEB8-49511B85B960}"
EndProject
Project("{2150E333-8FDC-42A3-9474-1A3956D46DE8}") = "Payment", "Payment", "{3CA0C305-B18C-43BD-90A0-BB5B403FA799}"
EndProject
Project("{2150E333-8FDC-42A3-9474-1A3956D46DE8}") = "Tests", "Tests", "{B6EB8967-DB3F-44DC-A098-AEB6A821FA7F}"
EndProject
Project("{9A19103F-16F7-4668-BE54-9A1E7A4F7556}") = "BeloPrato.Core", "src\BeloPrato.Core\BeloPrato.Core.csproj", "{CF06602B-32C7-4469-9648-536968F3AB93}"
EndProject
Project("{9A19103F-16F7-4668-BE54-9A1E7A4F7556}") = "BeloPrato.Delivery.Domain.Tests", "tests\BeloPrato.Delivery.Domain.Tests\BeloPrato.Delivery.Domain.Tests.csproj", "{4D52F9C6-7C5D-4502-8F4B-C0B41D355217}"
EndProject
Project("{9A19103F-16F7-4668-BE54-9A1E7A4F7556}") = "BeloPrato.Delivery.Domain", "src\BeloPrato.Delivery.Domain\BeloPrato.Delivery.Domain.csproj", "{F4F43690-BA8E-4067-B04A-0C45D8E4E9EF}"
EndProject
Project("{9A19103F-16F7-4668-BE54-9A1E7A4F7556}") = "BeloPrato.Register.Domain", "src\BeloPrato.Register.Domain\BeloPrato.Register.Domain.csproj", "{9617FB8B-F8FD-4B56-AC19-B0C1337C27C2}"
EndProject
Project("{FAE04EC0-301F-11D3-BF4B-00C04F79EFBC}") = "BeloPrato.Delivery.Application", "src\BeloPrato.Delivery.Application\BeloPrato.Delivery.Application.csproj", "{389197B8-876B-443D-BEFC-1DA065BE8C72}"
EndProject
Project("{FAE04EC0-301F-11D3-BF4B-00C04F79EFBC}") = "BeloPrato.Delivery.Data", "src\BeloPrato.Delivery.Data\BeloPrato.Delivery.Data.csproj", "{C681DF38-87E8-49BA-A2C6-4026339A92D6}"
EndProject
Global
	GlobalSection(SolutionConfigurationPlatforms) = preSolution
		Debug|Any CPU = Debug|Any CPU
		Release|Any CPU = Release|Any CPU
	EndGlobalSection
	GlobalSection(ProjectConfigurationPlatforms) = postSolution
		{CF06602B-32C7-4469-9648-536968F3AB93}.Debug|Any CPU.ActiveCfg = Debug|Any CPU
		{CF06602B-32C7-4469-9648-536968F3AB93}.Debug|Any CPU.Build.0 = Debug|Any CPU
		{CF06602B-32C7-4469-9648-536968F3AB93}.Release|Any CPU.ActiveCfg = Release|Any CPU
		{CF06602B-32C7-4469-9648-536968F3AB93}.Release|Any CPU.Build.0 = Release|Any CPU
		{4D52F9C6-7C5D-4502-8F4B-C0B41D355217}.Debug|Any CPU.ActiveCfg = Debug|Any CPU
		{4D52F9C6-7C5D-4502-8F4B-C0B41D355217}.Debug|Any CPU.Build.0 = Debug|Any CPU
		{4D52F9C6-7C5D-4502-8F4B-C0B41D355217}.Release|Any CPU.ActiveCfg = Release|Any CPU
		{4D52F9C6-7C5D-4502-8F4B-C0B41D355217}.Release|Any CPU.Build.0 = Release|Any CPU
		{F4F43690-BA8E-4067-B04A-0C45D8E4E9EF}.Debug|Any CPU.ActiveCfg = Debug|Any CPU
		{F4F43690-BA8E-4067-B04A-0C45D8E4E9EF}.Debug|Any CPU.Build.0 = Debug|Any CPU
		{F4F43690-BA8E-4067-B04A-0C45D8E4E9EF}.Release|Any CPU.ActiveCfg = Release|Any CPU
		{F4F43690-BA8E-4067-B04A-0C45D8E4E9EF}.Release|Any CPU.Build.0 = Release|Any CPU
		{9617FB8B-F8FD-4B56-AC19-B0C1337C27C2}.Debug|Any CPU.ActiveCfg = Debug|Any CPU
		{9617FB8B-F8FD-4B56-AC19-B0C1337C27C2}.Debug|Any CPU.Build.0 = Debug|Any CPU
		{9617FB8B-F8FD-4B56-AC19-B0C1337C27C2}.Release|Any CPU.ActiveCfg = Release|Any CPU
		{9617FB8B-F8FD-4B56-AC19-B0C1337C27C2}.Release|Any CPU.Build.0 = Release|Any CPU
		{389197B8-876B-443D-BEFC-1DA065BE8C72}.Debug|Any CPU.ActiveCfg = Debug|Any CPU
		{389197B8-876B-443D-BEFC-1DA065BE8C72}.Debug|Any CPU.Build.0 = Debug|Any CPU
		{389197B8-876B-443D-BEFC-1DA065BE8C72}.Release|Any CPU.ActiveCfg = Release|Any CPU
		{389197B8-876B-443D-BEFC-1DA065BE8C72}.Release|Any CPU.Build.0 = Release|Any CPU
		{C681DF38-87E8-49BA-A2C6-4026339A92D6}.Debug|Any CPU.ActiveCfg = Debug|Any CPU
		{C681DF38-87E8-49BA-A2C6-4026339A92D6}.Debug|Any CPU.Build.0 = Debug|Any CPU
		{C681DF38-87E8-49BA-A2C6-4026339A92D6}.Release|Any CPU.ActiveCfg = Release|Any CPU
		{C681DF38-87E8-49BA-A2C6-4026339A92D6}.Release|Any CPU.Build.0 = Release|Any CPU
	EndGlobalSection
	GlobalSection(SolutionProperties) = preSolution
		HideSolutionNode = FALSE
	EndGlobalSection
	GlobalSection(NestedProjects) = preSolution
		{21E18924-0BD2-497D-A2EA-A5E2F35DC23D} = {7D4E74E8-54BE-4A8F-AA38-A5F57D0B1700}
		{423BE95E-4EBE-4ECA-BFA5-DED98BC3AE8C} = {7D4E74E8-54BE-4A8F-AA38-A5F57D0B1700}
		{5CD011EB-7AE0-4865-A104-09D8A5868701} = {7D4E74E8-54BE-4A8F-AA38-A5F57D0B1700}
		{85699EB3-56C2-4597-90F7-6C4B2874BC9D} = {7D4E74E8-54BE-4A8F-AA38-A5F57D0B1700}
		{A5086A8F-1A6B-4042-BEB8-49511B85B960} = {7D4E74E8-54BE-4A8F-AA38-A5F57D0B1700}
		{3CA0C305-B18C-43BD-90A0-BB5B403FA799} = {7D4E74E8-54BE-4A8F-AA38-A5F57D0B1700}
		{B6EB8967-DB3F-44DC-A098-AEB6A821FA7F} = {85699EB3-56C2-4597-90F7-6C4B2874BC9D}
		{CF06602B-32C7-4469-9648-536968F3AB93} = {21E18924-0BD2-497D-A2EA-A5E2F35DC23D}
		{4D52F9C6-7C5D-4502-8F4B-C0B41D355217} = {B6EB8967-DB3F-44DC-A098-AEB6A821FA7F}
		{F4F43690-BA8E-4067-B04A-0C45D8E4E9EF} = {85699EB3-56C2-4597-90F7-6C4B2874BC9D}
		{9617FB8B-F8FD-4B56-AC19-B0C1337C27C2} = {423BE95E-4EBE-4ECA-BFA5-DED98BC3AE8C}
		{389197B8-876B-443D-BEFC-1DA065BE8C72} = {85699EB3-56C2-4597-90F7-6C4B2874BC9D}
		{C681DF38-87E8-49BA-A2C6-4026339A92D6} = {85699EB3-56C2-4597-90F7-6C4B2874BC9D}
	EndGlobalSection
	GlobalSection(ExtensibilityGlobals) = postSolution
		SolutionGuid = {BEB2D629-2D92-4C7C-9632-05664F69D457}
	EndGlobalSection
EndGlobal
